
Microsoft Visual Studio Solution File, Format Version 12.00
# Visual Studio Version 17
VisualStudioVersion = 17.3.32825.248
MinimumVisualStudioVersion = 10.0.40219.1
Project("{FAE04EC0-301F-11D3-BF4B-00C04F79EFBC}") = "CharecterExits", "CharecterExits\CharecterExits.csproj", "{65BCBC0A-45D2-4156-B5D1-85E6F8E18F48}"
EndProject
Global
	GlobalSection(SolutionConfigurationPlatforms) = preSolution
		Debug|Any CPU = Debug|Any CPU
		Release|Any CPU = Release|Any CPU
	EndGlobalSection
	GlobalSection(ProjectConfigurationPlatforms) = postSolution
		{65BCBC0A-45D2-4156-B5D1-85E6F8E18F48}.Debug|Any CPU.ActiveCfg = Debug|Any CPU
		{65BCBC0A-45D2-4156-B5D1-85E6F8E18F48}.Debug|Any CPU.Build.0 = Debug|Any CPU
		{65BCBC0A-45D2-4156-B5D1-85E6F8E18F48}.Release|Any CPU.ActiveCfg = Release|Any CPU
		{65BCBC0A-45D2-4156-B5D1-85E6F8E18F48}.Release|Any CPU.Build.0 = Release|Any CPU
	EndGlobalSection
	GlobalSection(SolutionProperties) = preSolution
		HideSolutionNode = FALSE
	EndGlobalSection
	GlobalSection(ExtensibilityGlobals) = postSolution
		SolutionGuid = {763A9553-9828-4A18-9D8C-1B3560A5C49A}
	EndGlobalSection
EndGlobal
